{
  "name": "@stayradiated/sindre",
  "version": "4.1.0",
  "lockfileVersion": 2,
  "requires": true,
  "packages": {
    "": {
      "name": "@stayradiated/sindre",
      "version": "4.1.0",
      "license": "MIT",
      "dependencies": {
        "recursive-readdir-filter": "0.0.3"
      },
      "bin": {
        "sindre": "bin/sindre"
      }
    },
    "node_modules/recursive-readdir-filter": {
      "version": "0.0.3",
      "resolved": "https://registry.npmjs.org/recursive-readdir-filter/-/recursive-readdir-filter-0.0.3.tgz",
      "integrity": "sha1-xaLSOLP1WqSg4K27MxJ3c60U8Ts=",
      "engines": {
        "node": ">=0.6.6"
      }
    }
  },
  "dependencies": {
    "recursive-readdir-filter": {
      "version": "0.0.3",
      "resolved": "https://registry.npmjs.org/recursive-readdir-filter/-/recursive-readdir-filter-0.0.3.tgz",
      "integrity": "sha1-xaLSOLP1WqSg4K27MxJ3c60U8Ts="
    }
  }
}
